// !$*UTF8*$!
{
	archiveVersion = 1;
	classes = {
	};
	objectVersion = 50;
	objects = {

/* Begin PBXBuildFile section */
		EB49CE6E25E91220000276F5 /* AppDelegate.swift in Sources */ = {isa = PBXBuildFile; fileRef = EB49CE6D25E91220000276F5 /* AppDelegate.swift */; };
		EB49CE7025E91220000276F5 /* SceneDelegate.swift in Sources */ = {isa = PBXBuildFile; fileRef = EB49CE6F25E91220000276F5 /* SceneDelegate.swift */; };
		EB49CE7225E91220000276F5 /* WallViewController.swift in Sources */ = {isa = PBXBuildFile; fileRef = EB49CE7125E91220000276F5 /* WallViewController.swift */; };
		EB49CE7525E91220000276F5 /* Wall.storyboard in Resources */ = {isa = PBXBuildFile; fileRef = EB49CE7325E91220000276F5 /* Wall.storyboard */; };
		EB49CE7725E91220000276F5 /* Image.xcassets in Resources */ = {isa = PBXBuildFile; fileRef = EB49CE7625E91220000276F5 /* Image.xcassets */; };
		EB49CE7A25E91220000276F5 /* LaunchScreen.storyboard in Resources */ = {isa = PBXBuildFile; fileRef = EB49CE7825E91220000276F5 /* LaunchScreen.storyboard */; };
		EB49CE8B25E912B4000276F5 /* Colors.xcassets in Resources */ = {isa = PBXBuildFile; fileRef = EB49CE8A25E912B4000276F5 /* Colors.xcassets */; };
		EB49CE9125E913F4000276F5 /* SimpleTableViewCell.swift in Sources */ = {isa = PBXBuildFile; fileRef = EB49CE8F25E913F4000276F5 /* SimpleTableViewCell.swift */; };
		EB49CE9225E913F4000276F5 /* SimpleTableViewCell.xib in Resources */ = {isa = PBXBuildFile; fileRef = EB49CE9025E913F4000276F5 /* SimpleTableViewCell.xib */; };
		EB49CE9625E913FE000276F5 /* WithGreenImageTableViewCell.swift in Sources */ = {isa = PBXBuildFile; fileRef = EB49CE9425E913FE000276F5 /* WithGreenImageTableViewCell.swift */; };
		EB49CE9725E913FE000276F5 /* WithGreenImageTableViewCell.xib in Resources */ = {isa = PBXBuildFile; fileRef = EB49CE9525E913FE000276F5 /* WithGreenImageTableViewCell.xib */; };
		EB49CE9B25E91404000276F5 /* LargeImageTableViewCell.swift in Sources */ = {isa = PBXBuildFile; fileRef = EB49CE9925E91404000276F5 /* LargeImageTableViewCell.swift */; };
		EB49CE9C25E91404000276F5 /* LargeImageTableViewCell.xib in Resources */ = {isa = PBXBuildFile; fileRef = EB49CE9A25E91404000276F5 /* LargeImageTableViewCell.xib */; };
		EB49CEAA25E9149D000276F5 /* UiView(extension).swift in Sources */ = {isa = PBXBuildFile; fileRef = EB49CEA925E9149D000276F5 /* UiView(extension).swift */; };
		EB49CEAE25E914C7000276F5 /* UITableView(extension).swift in Sources */ = {isa = PBXBuildFile; fileRef = EB49CEAD25E914C7000276F5 /* UITableView(extension).swift */; };
		EB49CEB125E91E60000276F5 /* UserData.swift in Sources */ = {isa = PBXBuildFile; fileRef = EB49CEB025E91E60000276F5 /* UserData.swift */; };
		EBF231CE25ECEF0800F05049 /* Profile.storyboard in Resources */ = {isa = PBXBuildFile; fileRef = EBF231CD25ECEF0800F05049 /* Profile.storyboard */; };
		EBF231DC25ECFE2700F05049 /* CustomTextFieldTableViewCell.xib in Resources */ = {isa = PBXBuildFile; fileRef = EBF231DA25ECFE2700F05049 /* CustomTextFieldTableViewCell.xib */; };
		EBF231DD25ECFE2700F05049 /* CustomTextFieldTableViewCell.swift in Sources */ = {isa = PBXBuildFile; fileRef = EBF231DB25ECFE2700F05049 /* CustomTextFieldTableViewCell.swift */; };
		EBF231E925ED05FD00F05049 /* ProfileViewController.swift in Sources */ = {isa = PBXBuildFile; fileRef = EBF231E825ED05FD00F05049 /* ProfileViewController.swift */; };
		EBF231EE25ED089400F05049 /* HeaderView.swift in Sources */ = {isa = PBXBuildFile; fileRef = EBF231EC25ED089400F05049 /* HeaderView.swift */; };
		EBF231EF25ED089400F05049 /* HeaderView.xib in Resources */ = {isa = PBXBuildFile; fileRef = EBF231ED25ED089400F05049 /* HeaderView.xib */; };
		EBF231F525ED1F1E00F05049 /* ButtonTableViewCell.xib in Resources */ = {isa = PBXBuildFile; fileRef = EBF231F325ED1F1E00F05049 /* ButtonTableViewCell.xib */; };
		EBF231F625ED1F1E00F05049 /* ButtonTableViewCell.swift in Sources */ = {isa = PBXBuildFile; fileRef = EBF231F425ED1F1E00F05049 /* ButtonTableViewCell.swift */; };
/* End PBXBuildFile section */

/* Begin PBXFileReference section */
		EB49CE6A25E91220000276F5 /* Mamchur.app */ = {isa = PBXFileReference; explicitFileType = wrapper.application; includeInIndex = 0; path = Mamchur.app; sourceTree = BUILT_PRODUCTS_DIR; };
		EB49CE6D25E91220000276F5 /* AppDelegate.swift */ = {isa = PBXFileReference; lastKnownFileType = sourcecode.swift; path = AppDelegate.swift; sourceTree = "<group>"; };
		EB49CE6F25E91220000276F5 /* SceneDelegate.swift */ = {isa = PBXFileReference; lastKnownFileType = sourcecode.swift; path = SceneDelegate.swift; sourceTree = "<group>"; };
		EB49CE7125E91220000276F5 /* WallViewController.swift */ = {isa = PBXFileReference; lastKnownFileType = sourcecode.swift; path = WallViewController.swift; sourceTree = "<group>"; };
		EB49CE7425E91220000276F5 /* Base */ = {isa = PBXFileReference; lastKnownFileType = file.storyboard; name = Base; path = Base.lproj/Wall.storyboard; sourceTree = "<group>"; };
		EB49CE7625E91220000276F5 /* Image.xcassets */ = {isa = PBXFileReference; lastKnownFileType = folder.assetcatalog; path = Image.xcassets; sourceTree = "<group>"; };
		EB49CE7925E91220000276F5 /* Base */ = {isa = PBXFileReference; lastKnownFileType = file.storyboard; name = Base; path = Base.lproj/LaunchScreen.storyboard; sourceTree = "<group>"; };
		EB49CE7B25E91220000276F5 /* Info.plist */ = {isa = PBXFileReference; lastKnownFileType = text.plist.xml; path = Info.plist; sourceTree = "<group>"; };
		EB49CE8A25E912B4000276F5 /* Colors.xcassets */ = {isa = PBXFileReference; lastKnownFileType = folder.assetcatalog; path = Colors.xcassets; sourceTree = "<group>"; };
		EB49CE8F25E913F4000276F5 /* SimpleTableViewCell.swift */ = {isa = PBXFileReference; fileEncoding = 4; lastKnownFileType = sourcecode.swift; path = SimpleTableViewCell.swift; sourceTree = "<group>"; };
		EB49CE9025E913F4000276F5 /* SimpleTableViewCell.xib */ = {isa = PBXFileReference; fileEncoding = 4; lastKnownFileType = file.xib; path = SimpleTableViewCell.xib; sourceTree = "<group>"; };
		EB49CE9425E913FE000276F5 /* WithGreenImageTableViewCell.swift */ = {isa = PBXFileReference; fileEncoding = 4; lastKnownFileType = sourcecode.swift; path = WithGreenImageTableViewCell.swift; sourceTree = "<group>"; };
		EB49CE9525E913FE000276F5 /* WithGreenImageTableViewCell.xib */ = {isa = PBXFileReference; fileEncoding = 4; lastKnownFileType = file.xib; path = WithGreenImageTableViewCell.xib; sourceTree = "<group>"; };
		EB49CE9925E91404000276F5 /* LargeImageTableViewCell.swift */ = {isa = PBXFileReference; fileEncoding = 4; lastKnownFileType = sourcecode.swift; path = LargeImageTableViewCell.swift; sourceTree = "<group>"; };
		EB49CE9A25E91404000276F5 /* LargeImageTableViewCell.xib */ = {isa = PBXFileReference; fileEncoding = 4; lastKnownFileType = file.xib; path = LargeImageTableViewCell.xib; sourceTree = "<group>"; };
		EB49CEA925E9149D000276F5 /* UiView(extension).swift */ = {isa = PBXFileReference; lastKnownFileType = sourcecode.swift; path = "UiView(extension).swift"; sourceTree = "<group>"; };
		EB49CEAD25E914C7000276F5 /* UITableView(extension).swift */ = {isa = PBXFileReference; lastKnownFileType = sourcecode.swift; path = "UITableView(extension).swift"; sourceTree = "<group>"; };
		EB49CEB025E91E60000276F5 /* UserData.swift */ = {isa = PBXFileReference; lastKnownFileType = sourcecode.swift; path = UserData.swift; sourceTree = "<group>"; };
		EBF231CD25ECEF0800F05049 /* Profile.storyboard */ = {isa = PBXFileReference; lastKnownFileType = file.storyboard; path = Profile.storyboard; sourceTree = "<group>"; };
		EBF231DA25ECFE2700F05049 /* CustomTextFieldTableViewCell.xib */ = {isa = PBXFileReference; lastKnownFileType = file.xib; path = CustomTextFieldTableViewCell.xib; sourceTree = "<group>"; };
		EBF231DB25ECFE2700F05049 /* CustomTextFieldTableViewCell.swift */ = {isa = PBXFileReference; lastKnownFileType = sourcecode.swift; path = CustomTextFieldTableViewCell.swift; sourceTree = "<group>"; };
		EBF231E825ED05FD00F05049 /* ProfileViewController.swift */ = {isa = PBXFileReference; lastKnownFileType = sourcecode.swift; path = ProfileViewController.swift; sourceTree = "<group>"; };
		EBF231EC25ED089400F05049 /* HeaderView.swift */ = {isa = PBXFileReference; lastKnownFileType = sourcecode.swift; path = HeaderView.swift; sourceTree = "<group>"; };
		EBF231ED25ED089400F05049 /* HeaderView.xib */ = {isa = PBXFileReference; lastKnownFileType = file.xib; path = HeaderView.xib; sourceTree = "<group>"; };
		EBF231F325ED1F1E00F05049 /* ButtonTableViewCell.xib */ = {isa = PBXFileReference; lastKnownFileType = file.xib; path = ButtonTableViewCell.xib; sourceTree = "<group>"; };
		EBF231F425ED1F1E00F05049 /* ButtonTableViewCell.swift */ = {isa = PBXFileReference; lastKnownFileType = sourcecode.swift; path = ButtonTableViewCell.swift; sourceTree = "<group>"; };
/* End PBXFileReference section */

/* Begin PBXFrameworksBuildPhase section */
		EB49CE6725E91220000276F5 /* Frameworks */ = {
			isa = PBXFrameworksBuildPhase;
			buildActionMask = 2147483647;
			files = (
			);
			runOnlyForDeploymentPostprocessing = 0;
		};
/* End PBXFrameworksBuildPhase section */

/* Begin PBXGroup section */
		EB49CE6125E9121F000276F5 = {
			isa = PBXGroup;
			children = (
				EB49CE6C25E91220000276F5 /* Mamchur */,
				EB49CE6B25E91220000276F5 /* Products */,
			);
			sourceTree = "<group>";
		};
		EB49CE6B25E91220000276F5 /* Products */ = {
			isa = PBXGroup;
			children = (
				EB49CE6A25E91220000276F5 /* Mamchur.app */,
			);
			name = Products;
			sourceTree = "<group>";
		};
		EB49CE6C25E91220000276F5 /* Mamchur */ = {
			isa = PBXGroup;
			children = (
				EBF231C125ECED2100F05049 /* Application */,
				EBF231C825ECEEA200F05049 /* Profile */,
				EBF231BF25ECEC8700F05049 /* Wall */,
				EB49CE8825E91263000276F5 /* Helpers */,
				EBF231C425ECED4400F05049 /* Suppotting files */,
				EB49CEA725E9147F000276F5 /* Extensions */,
			);
			path = Mamchur;
			sourceTree = "<group>";
		};
		EB49CE8325E91246000276F5 /* Controller */ = {
			isa = PBXGroup;
			children = (
				EB49CE6D25E91220000276F5 /* AppDelegate.swift */,
				EB49CE6F25E91220000276F5 /* SceneDelegate.swift */,
			);
			path = Controller;
			sourceTree = "<group>";
		};
		EB49CE8525E9124E000276F5 /* Controller */ = {
			isa = PBXGroup;
			children = (
				EB49CE7125E91220000276F5 /* WallViewController.swift */,
			);
			path = Controller;
			sourceTree = "<group>";
		};
		EB49CE8725E91255000276F5 /* View */ = {
			isa = PBXGroup;
			children = (
				EB49CE7825E91220000276F5 /* LaunchScreen.storyboard */,
			);
			path = View;
			sourceTree = "<group>";
		};
		EB49CE8825E91263000276F5 /* Helpers */ = {
			isa = PBXGroup;
			children = (
				EB49CE7625E91220000276F5 /* Image.xcassets */,
				EB49CE8A25E912B4000276F5 /* Colors.xcassets */,
			);
			path = Helpers;
			sourceTree = "<group>";
		};
		EB49CE8E25E913C4000276F5 /* View */ = {
			isa = PBXGroup;
			children = (
				EB49CE7325E91220000276F5 /* Wall.storyboard */,
				EB49CE9E25E91407000276F5 /* Simple */,
				EB49CEA225E9140E000276F5 /* SmallImage */,
				EB49CEA425E91416000276F5 /* LargeImage */,
			);
			path = View;
			sourceTree = "<group>";
		};
		EB49CE9E25E91407000276F5 /* Simple */ = {
			isa = PBXGroup;
			children = (
				EB49CE8F25E913F4000276F5 /* SimpleTableViewCell.swift */,
				EB49CE9025E913F4000276F5 /* SimpleTableViewCell.xib */,
			);
			path = Simple;
			sourceTree = "<group>";
		};
		EB49CEA225E9140E000276F5 /* SmallImage */ = {
			isa = PBXGroup;
			children = (
				EB49CE9425E913FE000276F5 /* WithGreenImageTableViewCell.swift */,
				EB49CE9525E913FE000276F5 /* WithGreenImageTableViewCell.xib */,
			);
			path = SmallImage;
			sourceTree = "<group>";
		};
		EB49CEA425E91416000276F5 /* LargeImage */ = {
			isa = PBXGroup;
			children = (
				EB49CE9925E91404000276F5 /* LargeImageTableViewCell.swift */,
				EB49CE9A25E91404000276F5 /* LargeImageTableViewCell.xib */,
			);
			path = LargeImage;
			sourceTree = "<group>";
		};
		EB49CEA725E9147F000276F5 /* Extensions */ = {
			isa = PBXGroup;
			children = (
				EB49CEA925E9149D000276F5 /* UiView(extension).swift */,
				EB49CEAD25E914C7000276F5 /* UITableView(extension).swift */,
			);
			path = Extensions;
			sourceTree = "<group>";
		};
		EBE9751A25E92FFA00CD4265 /* Models */ = {
			isa = PBXGroup;
			children = (
				EB49CEB025E91E60000276F5 /* UserData.swift */,
			);
			path = Models;
			sourceTree = "<group>";
		};
		EBF231BF25ECEC8700F05049 /* Wall */ = {
			isa = PBXGroup;
			children = (
				EBE9751A25E92FFA00CD4265 /* Models */,
				EB49CE8525E9124E000276F5 /* Controller */,
				EB49CE8E25E913C4000276F5 /* View */,
			);
			path = Wall;
			sourceTree = "<group>";
		};
		EBF231C125ECED2100F05049 /* Application */ = {
			isa = PBXGroup;
			children = (
				EBF231C725ECEDB900F05049 /* Model */,
				EB49CE8725E91255000276F5 /* View */,
				EB49CE8325E91246000276F5 /* Controller */,
			);
			path = Application;
			sourceTree = "<group>";
		};
		EBF231C425ECED4400F05049 /* Suppotting files */ = {
			isa = PBXGroup;
			children = (
				EB49CE7B25E91220000276F5 /* Info.plist */,
			);
			path = "Suppotting files";
			sourceTree = "<group>";
		};
		EBF231C725ECEDB900F05049 /* Model */ = {
			isa = PBXGroup;
			children = (
			);
			path = Model;
			sourceTree = "<group>";
		};
		EBF231C825ECEEA200F05049 /* Profile */ = {
			isa = PBXGroup;
			children = (
				EBF231CA25ECEEB900F05049 /* Model */,
				EBF231CB25ECEEC000F05049 /* View */,
				EBF231CC25ECEEC400F05049 /* Controller */,
			);
			path = Profile;
			sourceTree = "<group>";
		};
		EBF231CA25ECEEB900F05049 /* Model */ = {
			isa = PBXGroup;
			children = (
			);
			path = Model;
			sourceTree = "<group>";
		};
		EBF231CB25ECEEC000F05049 /* View */ = {
			isa = PBXGroup;
			children = (
				EBF231CD25ECEF0800F05049 /* Profile.storyboard */,
				EBF231E025ED049F00F05049 /* Header */,
				EBF231D125ECFB0E00F05049 /* CustomTextField */,
				EBF231F225ED1F0900F05049 /* ButtonTableViewCell */,
			);
			path = View;
			sourceTree = "<group>";
		};
		EBF231CC25ECEEC400F05049 /* Controller */ = {
			isa = PBXGroup;
			children = (
				EBF231E825ED05FD00F05049 /* ProfileViewController.swift */,
			);
			path = Controller;
			sourceTree = "<group>";
		};
		EBF231D125ECFB0E00F05049 /* CustomTextField */ = {
			isa = PBXGroup;
			children = (
				EBF231DB25ECFE2700F05049 /* CustomTextFieldTableViewCell.swift */,
				EBF231DA25ECFE2700F05049 /* CustomTextFieldTableViewCell.xib */,
			);
			path = CustomTextField;
			sourceTree = "<group>";
		};
		EBF231E025ED049F00F05049 /* Header */ = {
			isa = PBXGroup;
			children = (
				EBF231EC25ED089400F05049 /* HeaderView.swift */,
				EBF231ED25ED089400F05049 /* HeaderView.xib */,
			);
			path = Header;
			sourceTree = "<group>";
		};
		EBF231F225ED1F0900F05049 /* ButtonTableViewCell */ = {
			isa = PBXGroup;
			children = (
				EBF231F425ED1F1E00F05049 /* ButtonTableViewCell.swift */,
				EBF231F325ED1F1E00F05049 /* ButtonTableViewCell.xib */,
			);
			path = ButtonTableViewCell;
			sourceTree = "<group>";
		};
/* End PBXGroup section */

/* Begin PBXNativeTarget section */
		EB49CE6925E91220000276F5 /* Mamchur */ = {
			isa = PBXNativeTarget;
			buildConfigurationList = EB49CE7E25E91220000276F5 /* Build configuration list for PBXNativeTarget "Mamchur" */;
			buildPhases = (
				EB49CE6625E91220000276F5 /* Sources */,
				EB49CE6725E91220000276F5 /* Frameworks */,
				EB49CE6825E91220000276F5 /* Resources */,
			);
			buildRules = (
			);
			dependencies = (
			);
			name = Mamchur;
			productName = Mamchur;
			productReference = EB49CE6A25E91220000276F5 /* Mamchur.app */;
			productType = "com.apple.product-type.application";
		};
/* End PBXNativeTarget section */

/* Begin PBXProject section */
		EB49CE6225E9121F000276F5 /* Project object */ = {
			isa = PBXProject;
			attributes = {
				LastSwiftUpdateCheck = 1240;
				LastUpgradeCheck = 1240;
				TargetAttributes = {
					EB49CE6925E91220000276F5 = {
						CreatedOnToolsVersion = 12.4;
					};
				};
			};
			buildConfigurationList = EB49CE6525E9121F000276F5 /* Build configuration list for PBXProject "Mamchur" */;
			compatibilityVersion = "Xcode 9.3";
			developmentRegion = en;
			hasScannedForEncodings = 0;
			knownRegions = (
				en,
				Base,
			);
			mainGroup = EB49CE6125E9121F000276F5;
			productRefGroup = EB49CE6B25E91220000276F5 /* Products */;
			projectDirPath = "";
			projectRoot = "";
			targets = (
				EB49CE6925E91220000276F5 /* Mamchur */,
			);
		};
/* End PBXProject section */

/* Begin PBXResourcesBuildPhase section */
		EB49CE6825E91220000276F5 /* Resources */ = {
			isa = PBXResourcesBuildPhase;
			buildActionMask = 2147483647;
			files = (
				EB49CE7A25E91220000276F5 /* LaunchScreen.storyboard in Resources */,
				EBF231EF25ED089400F05049 /* HeaderView.xib in Resources */,
				EB49CE9725E913FE000276F5 /* WithGreenImageTableViewCell.xib in Resources */,
				EBF231CE25ECEF0800F05049 /* Profile.storyboard in Resources */,
				EB49CE9225E913F4000276F5 /* SimpleTableViewCell.xib in Resources */,
				EB49CE8B25E912B4000276F5 /* Colors.xcassets in Resources */,
				EBF231DC25ECFE2700F05049 /* CustomTextFieldTableViewCell.xib in Resources */,
				EB49CE7725E91220000276F5 /* Image.xcassets in Resources */,
				EBF231F525ED1F1E00F05049 /* ButtonTableViewCell.xib in Resources */,
				EB49CE7525E91220000276F5 /* Wall.storyboard in Resources */,
				EB49CE9C25E91404000276F5 /* LargeImageTableViewCell.xib in Resources */,
			);
			runOnlyForDeploymentPostprocessing = 0;
		};
/* End PBXResourcesBuildPhase section */

/* Begin PBXSourcesBuildPhase section */
		EB49CE6625E91220000276F5 /* Sources */ = {
			isa = PBXSourcesBuildPhase;
			buildActionMask = 2147483647;
			files = (
				EBF231DD25ECFE2700F05049 /* CustomTextFieldTableViewCell.swift in Sources */,
				EB49CE7225E91220000276F5 /* WallViewController.swift in Sources */,
				EBF231F625ED1F1E00F05049 /* ButtonTableViewCell.swift in Sources */,
				EB49CE9B25E91404000276F5 /* LargeImageTableViewCell.swift in Sources */,
				EB49CE9125E913F4000276F5 /* SimpleTableViewCell.swift in Sources */,
				EB49CEB125E91E60000276F5 /* UserData.swift in Sources */,
				EBF231E925ED05FD00F05049 /* ProfileViewController.swift in Sources */,
				EB49CE6E25E91220000276F5 /* AppDelegate.swift in Sources */,
				EBF231EE25ED089400F05049 /* HeaderView.swift in Sources */,
				EB49CE9625E913FE000276F5 /* WithGreenImageTableViewCell.swift in Sources */,
				EB49CEAA25E9149D000276F5 /* UiView(extension).swift in Sources */,
				EB49CEAE25E914C7000276F5 /* UITableView(extension).swift in Sources */,
				EB49CE7025E91220000276F5 /* SceneDelegate.swift in Sources */,
			);
			runOnlyForDeploymentPostprocessing = 0;
		};
/* End PBXSourcesBuildPhase section */

/* Begin PBXVariantGroup section */
		EB49CE7325E91220000276F5 /* Wall.storyboard */ = {
			isa = PBXVariantGroup;
			children = (
				EB49CE7425E91220000276F5 /* Base */,
			);
			name = Wall.storyboard;
			sourceTree = "<group>";
		};
		EB49CE7825E91220000276F5 /* LaunchScreen.storyboard */ = {
			isa = PBXVariantGroup;
			children = (
				EB49CE7925E91220000276F5 /* Base */,
			);
			name = LaunchScreen.storyboard;
			sourceTree = "<group>";
		};
/* End PBXVariantGroup section */

/* Begin XCBuildConfiguration section */
		EB49CE7C25E91220000276F5 /* Debug */ = {
			isa = XCBuildConfiguration;
			buildSettings = {
				ALWAYS_SEARCH_USER_PATHS = NO;
				CLANG_ANALYZER_NONNULL = YES;
				CLANG_ANALYZER_NUMBER_OBJECT_CONVERSION = YES_AGGRESSIVE;
				CLANG_CXX_LANGUAGE_STANDARD = "gnu++14";
				CLANG_CXX_LIBRARY = "libc++";
				CLANG_ENABLE_MODULES = YES;
				CLANG_ENABLE_OBJC_ARC = YES;
				CLANG_ENABLE_OBJC_WEAK = YES;
				CLANG_WARN_BLOCK_CAPTURE_AUTORELEASING = YES;
				CLANG_WARN_BOOL_CONVERSION = YES;
				CLANG_WARN_COMMA = YES;
				CLANG_WARN_CONSTANT_CONVERSION = YES;
				CLANG_WARN_DEPRECATED_OBJC_IMPLEMENTATIONS = YES;
				CLANG_WARN_DIRECT_OBJC_ISA_USAGE = YES_ERROR;
				CLANG_WARN_DOCUMENTATION_COMMENTS = YES;
				CLANG_WARN_EMPTY_BODY = YES;
				CLANG_WARN_ENUM_CONVERSION = YES;
				CLANG_WARN_INFINITE_RECURSION = YES;
				CLANG_WARN_INT_CONVERSION = YES;
				CLANG_WARN_NON_LITERAL_NULL_CONVERSION = YES;
				CLANG_WARN_OBJC_IMPLICIT_RETAIN_SELF = YES;
				CLANG_WARN_OBJC_LITERAL_CONVERSION = YES;
				CLANG_WARN_OBJC_ROOT_CLASS = YES_ERROR;
				CLANG_WARN_QUOTED_INCLUDE_IN_FRAMEWORK_HEADER = YES;
				CLANG_WARN_RANGE_LOOP_ANALYSIS = YES;
				CLANG_WARN_STRICT_PROTOTYPES = YES;
				CLANG_WARN_SUSPICIOUS_MOVE = YES;
				CLANG_WARN_UNGUARDED_AVAILABILITY = YES_AGGRESSIVE;
				CLANG_WARN_UNREACHABLE_CODE = YES;
				CLANG_WARN__DUPLICATE_METHOD_MATCH = YES;
				COPY_PHASE_STRIP = NO;
				DEBUG_INFORMATION_FORMAT = dwarf;
				ENABLE_STRICT_OBJC_MSGSEND = YES;
				ENABLE_TESTABILITY = YES;
				GCC_C_LANGUAGE_STANDARD = gnu11;
				GCC_DYNAMIC_NO_PIC = NO;
				GCC_NO_COMMON_BLOCKS = YES;
				GCC_OPTIMIZATION_LEVEL = 0;
				GCC_PREPROCESSOR_DEFINITIONS = (
					"DEBUG=1",
					"$(inherited)",
				);
				GCC_WARN_64_TO_32_BIT_CONVERSION = YES;
				GCC_WARN_ABOUT_RETURN_TYPE = YES_ERROR;
				GCC_WARN_UNDECLARED_SELECTOR = YES;
				GCC_WARN_UNINITIALIZED_AUTOS = YES_AGGRESSIVE;
				GCC_WARN_UNUSED_FUNCTION = YES;
				GCC_WARN_UNUSED_VARIABLE = YES;
				IPHONEOS_DEPLOYMENT_TARGET = 14.4;
				MTL_ENABLE_DEBUG_INFO = INCLUDE_SOURCE;
				MTL_FAST_MATH = YES;
				ONLY_ACTIVE_ARCH = YES;
				SDKROOT = iphoneos;
				SWIFT_ACTIVE_COMPILATION_CONDITIONS = DEBUG;
				SWIFT_OPTIMIZATION_LEVEL = "-Onone";
			};
			name = Debug;
		};
		EB49CE7D25E91220000276F5 /* Release */ = {
			isa = XCBuildConfiguration;
			buildSettings = {
				ALWAYS_SEARCH_USER_PATHS = NO;
				CLANG_ANALYZER_NONNULL = YES;
				CLANG_ANALYZER_NUMBER_OBJECT_CONVERSION = YES_AGGRESSIVE;
				CLANG_CXX_LANGUAGE_STANDARD = "gnu++14";
				CLANG_CXX_LIBRARY = "libc++";
				CLANG_ENABLE_MODULES = YES;
				CLANG_ENABLE_OBJC_ARC = YES;
				CLANG_ENABLE_OBJC_WEAK = YES;
				CLANG_WARN_BLOCK_CAPTURE_AUTORELEASING = YES;
				CLANG_WARN_BOOL_CONVERSION = YES;
				CLANG_WARN_COMMA = YES;
				CLANG_WARN_CONSTANT_CONVERSION = YES;
				CLANG_WARN_DEPRECATED_OBJC_IMPLEMENTATIONS = YES;
				CLANG_WARN_DIRECT_OBJC_ISA_USAGE = YES_ERROR;
				CLANG_WARN_DOCUMENTATION_COMMENTS = YES;
				CLANG_WARN_EMPTY_BODY = YES;
				CLANG_WARN_ENUM_CONVERSION = YES;
				CLANG_WARN_INFINITE_RECURSION = YES;
				CLANG_WARN_INT_CONVERSION = YES;
				CLANG_WARN_NON_LITERAL_NULL_CONVERSION = YES;
				CLANG_WARN_OBJC_IMPLICIT_RETAIN_SELF = YES;
				CLANG_WARN_OBJC_LITERAL_CONVERSION = YES;
				CLANG_WARN_OBJC_ROOT_CLASS = YES_ERROR;
				CLANG_WARN_QUOTED_INCLUDE_IN_FRAMEWORK_HEADER = YES;
				CLANG_WARN_RANGE_LOOP_ANALYSIS = YES;
				CLANG_WARN_STRICT_PROTOTYPES = YES;
				CLANG_WARN_SUSPICIOUS_MOVE = YES;
				CLANG_WARN_UNGUARDED_AVAILABILITY = YES_AGGRESSIVE;
				CLANG_WARN_UNREACHABLE_CODE = YES;
				CLANG_WARN__DUPLICATE_METHOD_MATCH = YES;
				COPY_PHASE_STRIP = NO;
				DEBUG_INFORMATION_FORMAT = "dwarf-with-dsym";
				ENABLE_NS_ASSERTIONS = NO;
				ENABLE_STRICT_OBJC_MSGSEND = YES;
				GCC_C_LANGUAGE_STANDARD = gnu11;
				GCC_NO_COMMON_BLOCKS = YES;
				GCC_WARN_64_TO_32_BIT_CONVERSION = YES;
				GCC_WARN_ABOUT_RETURN_TYPE = YES_ERROR;
				GCC_WARN_UNDECLARED_SELECTOR = YES;
				GCC_WARN_UNINITIALIZED_AUTOS = YES_AGGRESSIVE;
				GCC_WARN_UNUSED_FUNCTION = YES;
				GCC_WARN_UNUSED_VARIABLE = YES;
				IPHONEOS_DEPLOYMENT_TARGET = 14.4;
				MTL_ENABLE_DEBUG_INFO = NO;
				MTL_FAST_MATH = YES;
				SDKROOT = iphoneos;
				SWIFT_COMPILATION_MODE = wholemodule;
				SWIFT_OPTIMIZATION_LEVEL = "-O";
				VALIDATE_PRODUCT = YES;
			};
			name = Release;
		};
		EB49CE7F25E91220000276F5 /* Debug */ = {
			isa = XCBuildConfiguration;
			buildSettings = {
				ASSETCATALOG_COMPILER_APPICON_NAME = AppIcon;
				ASSETCATALOG_COMPILER_GLOBAL_ACCENT_COLOR_NAME = AccentColor;
				CODE_SIGN_STYLE = Automatic;
				DEVELOPMENT_TEAM = JAP27G8GSV;
				INFOPLIST_FILE = "Mamchur/Suppotting files/Info.plist";
				LD_RUNPATH_SEARCH_PATHS = (
					"$(inherited)",
					"@executable_path/Frameworks",
				);
				PRODUCT_BUNDLE_IDENTIFIER = MyTeam.Mamchur;
				PRODUCT_NAME = "$(TARGET_NAME)";
				SWIFT_VERSION = 5.0;
				TARGETED_DEVICE_FAMILY = 1;
			};
			name = Debug;
		};
		EB49CE8025E91220000276F5 /* Release */ = {
			isa = XCBuildConfiguration;
			buildSettings = {
				ASSETCATALOG_COMPILER_APPICON_NAME = AppIcon;
				ASSETCATALOG_COMPILER_GLOBAL_ACCENT_COLOR_NAME = AccentColor;
				CODE_SIGN_STYLE = Automatic;
				DEVELOPMENT_TEAM = JAP27G8GSV;
				INFOPLIST_FILE = "Mamchur/Suppotting files/Info.plist";
				LD_RUNPATH_SEARCH_PATHS = (
					"$(inherited)",
					"@executable_path/Frameworks",
				);
				PRODUCT_BUNDLE_IDENTIFIER = MyTeam.Mamchur;
				PRODUCT_NAME = "$(TARGET_NAME)";
				SWIFT_VERSION = 5.0;
				TARGETED_DEVICE_FAMILY = 1;
			};
			name = Release;
		};
/* End XCBuildConfiguration section */

/* Begin XCConfigurationList section */
		EB49CE6525E9121F000276F5 /* Build configuration list for PBXProject "Mamchur" */ = {
			isa = XCConfigurationList;
			buildConfigurations = (
				EB49CE7C25E91220000276F5 /* Debug */,
				EB49CE7D25E91220000276F5 /* Release */,
			);
			defaultConfigurationIsVisible = 0;
			defaultConfigurationName = Release;
		};
		EB49CE7E25E91220000276F5 /* Build configuration list for PBXNativeTarget "Mamchur" */ = {
			isa = XCConfigurationList;
			buildConfigurations = (
				EB49CE7F25E91220000276F5 /* Debug */,
				EB49CE8025E91220000276F5 /* Release */,
			);
			defaultConfigurationIsVisible = 0;
			defaultConfigurationName = Release;
		};
/* End XCConfigurationList section */
	};
	rootObject = EB49CE6225E9121F000276F5 /* Project object */;
}
